
Microsoft Visual Studio Solution File, Format Version 12.00
# Visual Studio Version 16
VisualStudioVersion = 16.0.32413.511
MinimumVisualStudioVersion = 10.0.40219.1
Project("{FAE04EC0-301F-11D3-BF4B-00C04F79EFBC}") = "Flatten Binary Tree to Linked List", "Flatten Binary Tree to Linked List\Flatten Binary Tree to Linked List.csproj", "{870AB889-9BED-4BF7-A4F4-3110B0E87247}"
EndProject
Global
	GlobalSection(SolutionConfigurationPlatforms) = preSolution
		Debug|Any CPU = Debug|Any CPU
		Release|Any CPU = Release|Any CPU
	EndGlobalSection
	GlobalSection(ProjectConfigurationPlatforms) = postSolution
		{870AB889-9BED-4BF7-A4F4-3110B0E87247}.Debug|Any CPU.ActiveCfg = Debug|Any CPU
		{870AB889-9BED-4BF7-A4F4-3110B0E87247}.Debug|Any CPU.Build.0 = Debug|Any CPU
		{870AB889-9BED-4BF7-A4F4-3110B0E87247}.Release|Any CPU.ActiveCfg = Release|Any CPU
		{870AB889-9BED-4BF7-A4F4-3110B0E87247}.Release|Any CPU.Build.0 = Release|Any CPU
	EndGlobalSection
	GlobalSection(SolutionProperties) = preSolution
		HideSolutionNode = FALSE
	EndGlobalSection
	GlobalSection(ExtensibilityGlobals) = postSolution
		SolutionGuid = {F869E609-57E6-46EA-B923-8EE9D32F90BD}
	EndGlobalSection
EndGlobal
